
Microsoft Visual Studio Solution File, Format Version 12.00
# Visual Studio Version 16
VisualStudioVersion = 16.0.31515.178
MinimumVisualStudioVersion = 10.0.40219.1
Project("{FAE04EC0-301F-11D3-BF4B-00C04F79EFBC}") = "WpfDesktopTemplate", "WpfDesktopTemplate\WpfDesktopTemplate.csproj", "{8E12161D-A6E5-4159-8721-3B85F21F6141}"
EndProject
Global
	GlobalSection(SolutionConfigurationPlatforms) = preSolution
		Debug|Any CPU = Debug|Any CPU
		Release|Any CPU = Release|Any CPU
	EndGlobalSection
	GlobalSection(ProjectConfigurationPlatforms) = postSolution
		{8E12161D-A6E5-4159-8721-3B85F21F6141}.Debug|Any CPU.ActiveCfg = Debug|Any CPU
		{8E12161D-A6E5-4159-8721-3B85F21F6141}.Debug|Any CPU.Build.0 = Debug|Any CPU
		{8E12161D-A6E5-4159-8721-3B85F21F6141}.Release|Any CPU.ActiveCfg = Release|Any CPU
		{8E12161D-A6E5-4159-8721-3B85F21F6141}.Release|Any CPU.Build.0 = Release|Any CPU
	EndGlobalSection
	GlobalSection(SolutionProperties) = preSolution
		HideSolutionNode = FALSE
	EndGlobalSection
	GlobalSection(ExtensibilityGlobals) = postSolution
		SolutionGuid = {5742C3F9-D9D5-4CA4-BF22-03AF1BE507DF}
	EndGlobalSection
EndGlobal
